
Microsoft Visual Studio Solution File, Format Version 12.00
# Visual Studio Version 16
VisualStudioVersion = 16.0.30717.126
MinimumVisualStudioVersion = 10.0.40219.1
Project("{FAE04EC0-301F-11D3-BF4B-00C04F79EFBC}") = "EADCA3", "EADCA3\EADCA3.csproj", "{15E27A0E-810D-47FD-B862-CAE638A46347}"
EndProject
Global
	GlobalSection(SolutionConfigurationPlatforms) = preSolution
		Debug|Any CPU = Debug|Any CPU
		Release|Any CPU = Release|Any CPU
	EndGlobalSection
	GlobalSection(ProjectConfigurationPlatforms) = postSolution
		{15E27A0E-810D-47FD-B862-CAE638A46347}.Debug|Any CPU.ActiveCfg = Debug|Any CPU
		{15E27A0E-810D-47FD-B862-CAE638A46347}.Debug|Any CPU.Build.0 = Debug|Any CPU
		{15E27A0E-810D-47FD-B862-CAE638A46347}.Release|Any CPU.ActiveCfg = Release|Any CPU
		{15E27A0E-810D-47FD-B862-CAE638A46347}.Release|Any CPU.Build.0 = Release|Any CPU
	EndGlobalSection
	GlobalSection(SolutionProperties) = preSolution
		HideSolutionNode = FALSE
	EndGlobalSection
	GlobalSection(ExtensibilityGlobals) = postSolution
		SolutionGuid = {6C7F16C3-32B7-4E41-9833-E9E6EC234256}
	EndGlobalSection
EndGlobal
